Microsoft Visual Studio Solution File, Format Version 11.00
# Visual Studio 2008

Project("{DD5746C4-4509-DFDC-6425-1467DD1D39C2}") = "Club Jam 2015", "Assembly-CSharp-firstpass-vs.csproj", "{220C4EE1-465F-35D5-F1EE-228EBBF6DF16}"
EndProject
Project("{DD5746C4-4509-DFDC-6425-1467DD1D39C2}") = "Club Jam 2015", "Assembly-CSharp-vs.csproj", "{D5F6FCBA-E820-7610-8014-3B787BD8E59E}"
EndProject
Project("{DD5746C4-4509-DFDC-6425-1467DD1D39C2}") = "Club Jam 2015", "Assembly-CSharp-Editor-vs.csproj", "{BE5E32D4-DE13-F6D4-7FDC-568F3F2DC879}"
EndProject
Global
	GlobalSection(SolutionConfigurationPlatforms) = preSolution
		Debug|Any CPU = Debug|Any CPU
		Release|Any CPU = Release|Any CPU
	EndGlobalSection
	GlobalSection(ProjectConfigurationPlatforms) = postSolution
		{220C4EE1-465F-35D5-F1EE-228EBBF6DF16}.Debug|Any CPU.ActiveCfg = Debug|Any CPU
		{220C4EE1-465F-35D5-F1EE-228EBBF6DF16}.Debug|Any CPU.Build.0 = Debug|Any CPU
		{220C4EE1-465F-35D5-F1EE-228EBBF6DF16}.Release|Any CPU.ActiveCfg = Release|Any CPU
		{220C4EE1-465F-35D5-F1EE-228EBBF6DF16}.Release|Any CPU.Build.0 = Release|Any CPU
		{D5F6FCBA-E820-7610-8014-3B787BD8E59E}.Debug|Any CPU.ActiveCfg = Debug|Any CPU
		{D5F6FCBA-E820-7610-8014-3B787BD8E59E}.Debug|Any CPU.Build.0 = Debug|Any CPU
		{D5F6FCBA-E820-7610-8014-3B787BD8E59E}.Release|Any CPU.ActiveCfg = Release|Any CPU
		{D5F6FCBA-E820-7610-8014-3B787BD8E59E}.Release|Any CPU.Build.0 = Release|Any CPU
		{BE5E32D4-DE13-F6D4-7FDC-568F3F2DC879}.Debug|Any CPU.ActiveCfg = Debug|Any CPU
		{BE5E32D4-DE13-F6D4-7FDC-568F3F2DC879}.Debug|Any CPU.Build.0 = Debug|Any CPU
		{BE5E32D4-DE13-F6D4-7FDC-568F3F2DC879}.Release|Any CPU.ActiveCfg = Release|Any CPU
		{BE5E32D4-DE13-F6D4-7FDC-568F3F2DC879}.Release|Any CPU.Build.0 = Release|Any CPU
	EndGlobalSection
	GlobalSection(SolutionProperties) = preSolution
		HideSolutionNode = FALSE
	EndGlobalSection
																		GlobalSection(MonoDevelopProperties) = preSolution
		StartupItem = Assembly-CSharp.csproj
		Policies = $0
		$0.TextStylePolicy = $1
		$1.inheritsSet = null
		$1.scope = text/x-csharp
		$0.CSharpFormattingPolicy = $2
		$2.inheritsSet = Mono
		$2.inheritsScope = text/x-csharp
		$2.scope = text/x-csharp
		$0.TextStylePolicy = $3
		$3.FileWidth = 120
		$3.TabWidth = 4
		$3.IndentWidth = 4
		$3.EolMarker = Unix
		$3.inheritsSet = Mono
		$3.inheritsScope = text/plain
		$3.scope = text/plain
	EndGlobalSection

EndGlobal
